
Microsoft Visual Studio Solution File, Format Version 12.00
# Visual Studio Version 17
VisualStudioVersion = 17.1.32319.34
MinimumVisualStudioVersion = 10.0.40219.1
Project("{FAE04EC0-301F-11D3-BF4B-00C04F79EFBC}") = "00_Repetition_WebApiKey", "00_Repetition_WebApiKey\00_Repetition_WebApiKey.csproj", "{56A0E81D-B697-4248-8335-A36C88F507F4}"
EndProject
Project("{FAE04EC0-301F-11D3-BF4B-00C04F79EFBC}") = "01_WebApi_Authentication", "01_WebApi_Authentication\01_WebApi_Authentication.csproj", "{761B7713-C65C-46C8-B2B0-012655B81785}"
EndProject
Global
	GlobalSection(SolutionConfigurationPlatforms) = preSolution
		Debug|Any CPU = Debug|Any CPU
		Release|Any CPU = Release|Any CPU
	EndGlobalSection
	GlobalSection(ProjectConfigurationPlatforms) = postSolution
		{56A0E81D-B697-4248-8335-A36C88F507F4}.Debug|Any CPU.ActiveCfg = Debug|Any CPU
		{56A0E81D-B697-4248-8335-A36C88F507F4}.Debug|Any CPU.Build.0 = Debug|Any CPU
		{56A0E81D-B697-4248-8335-A36C88F507F4}.Release|Any CPU.ActiveCfg = Release|Any CPU
		{56A0E81D-B697-4248-8335-A36C88F507F4}.Release|Any CPU.Build.0 = Release|Any CPU
		{761B7713-C65C-46C8-B2B0-012655B81785}.Debug|Any CPU.ActiveCfg = Debug|Any CPU
		{761B7713-C65C-46C8-B2B0-012655B81785}.Debug|Any CPU.Build.0 = Debug|Any CPU
		{761B7713-C65C-46C8-B2B0-012655B81785}.Release|Any CPU.ActiveCfg = Release|Any CPU
		{761B7713-C65C-46C8-B2B0-012655B81785}.Release|Any CPU.Build.0 = Release|Any CPU
	EndGlobalSection
	GlobalSection(SolutionProperties) = preSolution
		HideSolutionNode = FALSE
	EndGlobalSection
	GlobalSection(ExtensibilityGlobals) = postSolution
		SolutionGuid = {B3060D24-EDD2-4AC8-A352-C7201E3D6EC8}
	EndGlobalSection
EndGlobal
